// !$*UTF8*$!
{
	archiveVersion = 1;
	classes = {
	};
	objectVersion = 56;
	objects = {

/* Begin PBXBuildFile section */
		D105EF592B278B1E00E59E3F /* CitySights_AppApp.swift in Sources */ = {isa = PBXBuildFile; fileRef = D105EF582B278B1E00E59E3F /* CitySights_AppApp.swift */; };
		D105EF5B2B278B1E00E59E3F /* ContentView.swift in Sources */ = {isa = PBXBuildFile; fileRef = D105EF5A2B278B1E00E59E3F /* ContentView.swift */; };
		D105EF5D2B278B2000E59E3F /* Assets.xcassets in Resources */ = {isa = PBXBuildFile; fileRef = D105EF5C2B278B2000E59E3F /* Assets.xcassets */; };
		D105EF602B278B2000E59E3F /* Preview Assets.xcassets in Resources */ = {isa = PBXBuildFile; fileRef = D105EF5F2B278B2000E59E3F /* Preview Assets.xcassets */; };
		D105EF692B2A3D2B00E59E3F /* DataService.swift in Sources */ = {isa = PBXBuildFile; fileRef = D105EF682B2A3D2B00E59E3F /* DataService.swift */; };
		D105EF6D2B2A492200E59E3F /* BusinessSearch.swift in Sources */ = {isa = PBXBuildFile; fileRef = D105EF6C2B2A492200E59E3F /* BusinessSearch.swift */; };
		D105EF6F2B2A495F00E59E3F /* Business.swift in Sources */ = {isa = PBXBuildFile; fileRef = D105EF6E2B2A495F00E59E3F /* Business.swift */; };
		D1E60EB02B2CF29E00195ED0 /* TextHelper.swift in Sources */ = {isa = PBXBuildFile; fileRef = D1E60EAF2B2CF29E00195ED0 /* TextHelper.swift */; };
		D1E60EB22B30BCDC00195ED0 /* BusinessDetailView.swift in Sources */ = {isa = PBXBuildFile; fileRef = D1E60EB12B30BCDC00195ED0 /* BusinessDetailView.swift */; };
		D1E60EB42B337F8500195ED0 /* BusinessModel.swift in Sources */ = {isa = PBXBuildFile; fileRef = D1E60EB32B337F8500195ED0 /* BusinessModel.swift */; };
/* End PBXBuildFile section */

/* Begin PBXFileReference section */
		D105EF552B278B1E00E59E3F /* CitySights App.app */ = {isa = PBXFileReference; explicitFileType = wrapper.application; includeInIndex = 0; path = "CitySights App.app"; sourceTree = BUILT_PRODUCTS_DIR; };
		D105EF582B278B1E00E59E3F /* CitySights_AppApp.swift */ = {isa = PBXFileReference; lastKnownFileType = sourcecode.swift; path = CitySights_AppApp.swift; sourceTree = "<group>"; };
		D105EF5A2B278B1E00E59E3F /* ContentView.swift */ = {isa = PBXFileReference; lastKnownFileType = sourcecode.swift; path = ContentView.swift; sourceTree = "<group>"; };
		D105EF5C2B278B2000E59E3F /* Assets.xcassets */ = {isa = PBXFileReference; lastKnownFileType = folder.assetcatalog; path = Assets.xcassets; sourceTree = "<group>"; };
		D105EF5F2B278B2000E59E3F /* Preview Assets.xcassets */ = {isa = PBXFileReference; lastKnownFileType = folder.assetcatalog; path = "Preview Assets.xcassets"; sourceTree = "<group>"; };
		D105EF662B2A363600E59E3F /* Config.xcconfig */ = {isa = PBXFileReference; lastKnownFileType = text.xcconfig; path = Config.xcconfig; sourceTree = "<group>"; };
		D105EF672B2A372600E59E3F /* CitySights-App-Info.plist */ = {isa = PBXFileReference; lastKnownFileType = text.plist; path = "CitySights-App-Info.plist"; sourceTree = SOURCE_ROOT; };
		D105EF682B2A3D2B00E59E3F /* DataService.swift */ = {isa = PBXFileReference; lastKnownFileType = sourcecode.swift; path = DataService.swift; sourceTree = "<group>"; };
		D105EF6C2B2A492200E59E3F /* BusinessSearch.swift */ = {isa = PBXFileReference; lastKnownFileType = sourcecode.swift; path = BusinessSearch.swift; sourceTree = "<group>"; };
		D105EF6E2B2A495F00E59E3F /* Business.swift */ = {isa = PBXFileReference; lastKnownFileType = sourcecode.swift; path = Business.swift; sourceTree = "<group>"; };
		D1E60EAF2B2CF29E00195ED0 /* TextHelper.swift */ = {isa = PBXFileReference; lastKnownFileType = sourcecode.swift; path = TextHelper.swift; sourceTree = "<group>"; };
		D1E60EB12B30BCDC00195ED0 /* BusinessDetailView.swift */ = {isa = PBXFileReference; lastKnownFileType = sourcecode.swift; path = BusinessDetailView.swift; sourceTree = "<group>"; };
		D1E60EB32B337F8500195ED0 /* BusinessModel.swift */ = {isa = PBXFileReference; lastKnownFileType = sourcecode.swift; path = BusinessModel.swift; sourceTree = "<group>"; };
/* End PBXFileReference section */

/* Begin PBXFrameworksBuildPhase section */
		D105EF522B278B1E00E59E3F /* Frameworks */ = {
			isa = PBXFrameworksBuildPhase;
			buildActionMask = 2147483647;
			files = (
			);
			runOnlyForDeploymentPostprocessing = 0;
		};
/* End PBXFrameworksBuildPhase section */

/* Begin PBXGroup section */
		D105EF4C2B278B1E00E59E3F = {
			isa = PBXGroup;
			children = (
				D105EF572B278B1E00E59E3F /* CitySights App */,
				D105EF562B278B1E00E59E3F /* Products */,
			);
			sourceTree = "<group>";
		};
		D105EF562B278B1E00E59E3F /* Products */ = {
			isa = PBXGroup;
			children = (
				D105EF552B278B1E00E59E3F /* CitySights App.app */,
			);
			name = Products;
			sourceTree = "<group>";
		};
		D105EF572B278B1E00E59E3F /* CitySights App */ = {
			isa = PBXGroup;
			children = (
				D105EF6B2B2A491300E59E3F /* Model */,
				D105EF672B2A372600E59E3F /* CitySights-App-Info.plist */,
				D105EF662B2A363600E59E3F /* Config.xcconfig */,
				D1E60EB12B30BCDC00195ED0 /* BusinessDetailView.swift */,
				D105EF582B278B1E00E59E3F /* CitySights_AppApp.swift */,
				D1E60EB32B337F8500195ED0 /* BusinessModel.swift */,
				D105EF5A2B278B1E00E59E3F /* ContentView.swift */,
				D105EF682B2A3D2B00E59E3F /* DataService.swift */,
				D1E60EAE2B2CF28600195ED0 /* Helper */,
				D105EF5C2B278B2000E59E3F /* Assets.xcassets */,
				D105EF5E2B278B2000E59E3F /* Preview Content */,
			);
			path = "CitySights App";
			sourceTree = "<group>";
		};
		D105EF5E2B278B2000E59E3F /* Preview Content */ = {
			isa = PBXGroup;
			children = (
				D105EF5F2B278B2000E59E3F /* Preview Assets.xcassets */,
			);
			path = "Preview Content";
			sourceTree = "<group>";
		};
		D105EF6B2B2A491300E59E3F /* Model */ = {
			isa = PBXGroup;
			children = (
				D105EF6C2B2A492200E59E3F /* BusinessSearch.swift */,
				D105EF6E2B2A495F00E59E3F /* Business.swift */,
			);
			path = Model;
			sourceTree = "<group>";
		};
		D1E60EAE2B2CF28600195ED0 /* Helper */ = {
			isa = PBXGroup;
			children = (
				D1E60EAF2B2CF29E00195ED0 /* TextHelper.swift */,
			);
			path = Helper;
			sourceTree = "<group>";
		};
/* End PBXGroup section */

/* Begin PBXNativeTarget section */
		D105EF542B278B1E00E59E3F /* CitySights App */ = {
			isa = PBXNativeTarget;
			buildConfigurationList = D105EF632B278B2000E59E3F /* Build configuration list for PBXNativeTarget "CitySights App" */;
			buildPhases = (
				D105EF512B278B1E00E59E3F /* Sources */,
				D105EF522B278B1E00E59E3F /* Frameworks */,
				D105EF532B278B1E00E59E3F /* Resources */,
			);
			buildRules = (
			);
			dependencies = (
			);
			name = "CitySights App";
			productName = "CitySights App";
			productReference = D105EF552B278B1E00E59E3F /* CitySights App.app */;
			productType = "com.apple.product-type.application";
		};
/* End PBXNativeTarget section */

/* Begin PBXProject section */
		D105EF4D2B278B1E00E59E3F /* Project object */ = {
			isa = PBXProject;
			attributes = {
				BuildIndependentTargetsInParallel = 1;
				LastSwiftUpdateCheck = 1500;
				LastUpgradeCheck = 1500;
				TargetAttributes = {
					D105EF542B278B1E00E59E3F = {
						CreatedOnToolsVersion = 15.0.1;
					};
				};
			};
			buildConfigurationList = D105EF502B278B1E00E59E3F /* Build configuration list for PBXProject "CitySights App" */;
			compatibilityVersion = "Xcode 14.0";
			developmentRegion = en;
			hasScannedForEncodings = 0;
			knownRegions = (
				en,
				Base,
			);
			mainGroup = D105EF4C2B278B1E00E59E3F;
			productRefGroup = D105EF562B278B1E00E59E3F /* Products */;
			projectDirPath = "";
			projectRoot = "";
			targets = (
				D105EF542B278B1E00E59E3F /* CitySights App */,
			);
		};
/* End PBXProject section */

/* Begin PBXResourcesBuildPhase section */
		D105EF532B278B1E00E59E3F /* Resources */ = {
			isa = PBXResourcesBuildPhase;
			buildActionMask = 2147483647;
			files = (
				D105EF602B278B2000E59E3F /* Preview Assets.xcassets in Resources */,
				D105EF5D2B278B2000E59E3F /* Assets.xcassets in Resources */,
			);
			runOnlyForDeploymentPostprocessing = 0;
		};
/* End PBXResourcesBuildPhase section */

/* Begin PBXSourcesBuildPhase section */
		D105EF512B278B1E00E59E3F /* Sources */ = {
			isa = PBXSourcesBuildPhase;
			buildActionMask = 2147483647;
			files = (
				D105EF692B2A3D2B00E59E3F /* DataService.swift in Sources */,
				D1E60EB22B30BCDC00195ED0 /* BusinessDetailView.swift in Sources */,
				D105EF6D2B2A492200E59E3F /* BusinessSearch.swift in Sources */,
				D1E60EB42B337F8500195ED0 /* BusinessModel.swift in Sources */,
				D105EF5B2B278B1E00E59E3F /* ContentView.swift in Sources */,
				D105EF6F2B2A495F00E59E3F /* Business.swift in Sources */,
				D1E60EB02B2CF29E00195ED0 /* TextHelper.swift in Sources */,
				D105EF592B278B1E00E59E3F /* CitySights_AppApp.swift in Sources */,
			);
			runOnlyForDeploymentPostprocessing = 0;
		};
/* End PBXSourcesBuildPhase section */

/* Begin XCBuildConfiguration section */
		D105EF612B278B2000E59E3F /* Debug */ = {
			isa = XCBuildConfiguration;
			baseConfigurationReference = D105EF662B2A363600E59E3F /* Config.xcconfig */;
			buildSettings = {
				ALWAYS_SEARCH_USER_PATHS = NO;
				ASSETCATALOG_COMPILER_GENERATE_SWIFT_ASSET_SYMBOL_EXTENSIONS = YES;
				CLANG_ANALYZER_NONNULL = YES;
				CLANG_ANALYZER_NUMBER_OBJECT_CONVERSION = YES_AGGRESSIVE;
				CLANG_CXX_LANGUAGE_STANDARD = "gnu++20";
				CLANG_ENABLE_MODULES = YES;
				CLANG_ENABLE_OBJC_ARC = YES;
				CLANG_ENABLE_OBJC_WEAK = YES;
				CLANG_WARN_BLOCK_CAPTURE_AUTORELEASING = YES;
				CLANG_WARN_BOOL_CONVERSION = YES;
				CLANG_WARN_COMMA = YES;
				CLANG_WARN_CONSTANT_CONVERSION = YES;
				CLANG_WARN_DEPRECATED_OBJC_IMPLEMENTATIONS = YES;
				CLANG_WARN_DIRECT_OBJC_ISA_USAGE = YES_ERROR;
				CLANG_WARN_DOCUMENTATION_COMMENTS = YES;
				CLANG_WARN_EMPTY_BODY = YES;
				CLANG_WARN_ENUM_CONVERSION = YES;
				CLANG_WARN_INFINITE_RECURSION = YES;
				CLANG_WARN_INT_CONVERSION = YES;
				CLANG_WARN_NON_LITERAL_NULL_CONVERSION = YES;
				CLANG_WARN_OBJC_IMPLICIT_RETAIN_SELF = YES;
				CLANG_WARN_OBJC_LITERAL_CONVERSION = YES;
				CLANG_WARN_OBJC_ROOT_CLASS = YES_ERROR;
				CLANG_WARN_QUOTED_INCLUDE_IN_FRAMEWORK_HEADER = YES;
				CLANG_WARN_RANGE_LOOP_ANALYSIS = YES;
				CLANG_WARN_STRICT_PROTOTYPES = YES;
				CLANG_WARN_SUSPICIOUS_MOVE = YES;
				CLANG_WARN_UNGUARDED_AVAILABILITY = YES_AGGRESSIVE;
				CLANG_WARN_UNREACHABLE_CODE = YES;
				CLANG_WARN__DUPLICATE_METHOD_MATCH = YES;
				COPY_PHASE_STRIP = NO;
				DEBUG_INFORMATION_FORMAT = dwarf;
				ENABLE_STRICT_OBJC_MSGSEND = YES;
				ENABLE_TESTABILITY = YES;
				ENABLE_USER_SCRIPT_SANDBOXING = YES;
				GCC_C_LANGUAGE_STANDARD = gnu17;
				GCC_DYNAMIC_NO_PIC = NO;
				GCC_NO_COMMON_BLOCKS = YES;
				GCC_OPTIMIZATION_LEVEL = 0;
				GCC_PREPROCESSOR_DEFINITIONS = (
					"DEBUG=1",
					"$(inherited)",
				);
				GCC_WARN_64_TO_32_BIT_CONVERSION = YES;
				GCC_WARN_ABOUT_RETURN_TYPE = YES_ERROR;
				GCC_WARN_UNDECLARED_SELECTOR = YES;
				GCC_WARN_UNINITIALIZED_AUTOS = YES_AGGRESSIVE;
				GCC_WARN_UNUSED_FUNCTION = YES;
				GCC_WARN_UNUSED_VARIABLE = YES;
				IPHONEOS_DEPLOYMENT_TARGET = 17.0;
				LOCALIZATION_PREFERS_STRING_CATALOGS = YES;
				MTL_ENABLE_DEBUG_INFO = INCLUDE_SOURCE;
				MTL_FAST_MATH = YES;
				ONLY_ACTIVE_ARCH = YES;
				SDKROOT = iphoneos;
				SWIFT_ACTIVE_COMPILATION_CONDITIONS = "DEBUG $(inherited)";
				SWIFT_OPTIMIZATION_LEVEL = "-Onone";
			};
			name = Debug;
		};
		D105EF622B278B2000E59E3F /* Release */ = {
			isa = XCBuildConfiguration;
			baseConfigurationReference = D105EF662B2A363600E59E3F /* Config.xcconfig */;
			buildSettings = {
				ALWAYS_SEARCH_USER_PATHS = NO;
				ASSETCATALOG_COMPILER_GENERATE_SWIFT_ASSET_SYMBOL_EXTENSIONS = YES;
				CLANG_ANALYZER_NONNULL = YES;
				CLANG_ANALYZER_NUMBER_OBJECT_CONVERSION = YES_AGGRESSIVE;
				CLANG_CXX_LANGUAGE_STANDARD = "gnu++20";
				CLANG_ENABLE_MODULES = YES;
				CLANG_ENABLE_OBJC_ARC = YES;
				CLANG_ENABLE_OBJC_WEAK = YES;
				CLANG_WARN_BLOCK_CAPTURE_AUTORELEASING = YES;
				CLANG_WARN_BOOL_CONVERSION = YES;
				CLANG_WARN_COMMA = YES;
				CLANG_WARN_CONSTANT_CONVERSION = YES;
				CLANG_WARN_DEPRECATED_OBJC_IMPLEMENTATIONS = YES;
				CLANG_WARN_DIRECT_OBJC_ISA_USAGE = YES_ERROR;
				CLANG_WARN_DOCUMENTATION_COMMENTS = YES;
				CLANG_WARN_EMPTY_BODY = YES;
				CLANG_WARN_ENUM_CONVERSION = YES;
				CLANG_WARN_INFINITE_RECURSION = YES;
				CLANG_WARN_INT_CONVERSION = YES;
				CLANG_WARN_NON_LITERAL_NULL_CONVERSION = YES;
				CLANG_WARN_OBJC_IMPLICIT_RETAIN_SELF = YES;
				CLANG_WARN_OBJC_LITERAL_CONVERSION = YES;
				CLANG_WARN_OBJC_ROOT_CLASS = YES_ERROR;
				CLANG_WARN_QUOTED_INCLUDE_IN_FRAMEWORK_HEADER = YES;
				CLANG_WARN_RANGE_LOOP_ANALYSIS = YES;
				CLANG_WARN_STRICT_PROTOTYPES = YES;
				CLANG_WARN_SUSPICIOUS_MOVE = YES;
				CLANG_WARN_UNGUARDED_AVAILABILITY = YES_AGGRESSIVE;
				CLANG_WARN_UNREACHABLE_CODE = YES;
				CLANG_WARN__DUPLICATE_METHOD_MATCH = YES;
				COPY_PHASE_STRIP = NO;
				DEBUG_INFORMATION_FORMAT = "dwarf-with-dsym";
				ENABLE_NS_ASSERTIONS = NO;
				ENABLE_STRICT_OBJC_MSGSEND = YES;
				ENABLE_USER_SCRIPT_SANDBOXING = YES;
				GCC_C_LANGUAGE_STANDARD = gnu17;
				GCC_NO_COMMON_BLOCKS = YES;
				GCC_WARN_64_TO_32_BIT_CONVERSION = YES;
				GCC_WARN_ABOUT_RETURN_TYPE = YES_ERROR;
				GCC_WARN_UNDECLARED_SELECTOR = YES;
				GCC_WARN_UNINITIALIZED_AUTOS = YES_AGGRESSIVE;
				GCC_WARN_UNUSED_FUNCTION = YES;
				GCC_WARN_UNUSED_VARIABLE = YES;
				IPHONEOS_DEPLOYMENT_TARGET = 17.0;
				LOCALIZATION_PREFERS_STRING_CATALOGS = YES;
				MTL_ENABLE_DEBUG_INFO = NO;
				MTL_FAST_MATH = YES;
				SDKROOT = iphoneos;
				SWIFT_COMPILATION_MODE = wholemodule;
				VALIDATE_PRODUCT = YES;
			};
			name = Release;
		};
		D105EF642B278B2000E59E3F /* Debug */ = {
			isa = XCBuildConfiguration;
			buildSettings = {
				ASSETCATALOG_COMPILER_APPICON_NAME = AppIcon;
				ASSETCATALOG_COMPILER_GLOBAL_ACCENT_COLOR_NAME = AccentColor;
				CODE_SIGN_STYLE = Automatic;
				CURRENT_PROJECT_VERSION = 1;
				DEVELOPMENT_ASSET_PATHS = "\"CitySights App/Preview Content\"";
				DEVELOPMENT_TEAM = S643LW5WV7;
				ENABLE_PREVIEWS = YES;
				GENERATE_INFOPLIST_FILE = YES;
				INFOPLIST_FILE = "CitySights-App-Info.plist";
				INFOPLIST_KEY_UIApplicationSceneManifest_Generation = YES;
				INFOPLIST_KEY_UIApplicationSupportsIndirectInputEvents = YES;
				INFOPLIST_KEY_UILaunchScreen_Generation = YES;
				INFOPLIST_KEY_UISupportedInterfaceOrientations_iPad = "UIInterfaceOrientationPortrait UIInterfaceOrientationPortraitUpsideDown UIInterfaceOrientationLandscapeLeft UIInterfaceOrientationLandscapeRight";
				INFOPLIST_KEY_UISupportedInterfaceOrientations_iPhone = "UIInterfaceOrientationPortrait UIInterfaceOrientationLandscapeLeft UIInterfaceOrientationLandscapeRight";
				LD_RUNPATH_SEARCH_PATHS = (
					"$(inherited)",
					"@executable_path/Frameworks",
				);
				MARKETING_VERSION = 1.0;
				PRODUCT_BUNDLE_IDENTIFIER = "com.wilsonchan.CitySights-App";
				PRODUCT_NAME = "$(TARGET_NAME)";
				SWIFT_EMIT_LOC_STRINGS = YES;
				SWIFT_VERSION = 5.0;
				TARGETED_DEVICE_FAMILY = "1,2";
			};
			name = Debug;
		};
		D105EF652B278B2000E59E3F /* Release */ = {
			isa = XCBuildConfiguration;
			buildSettings = {
				ASSETCATALOG_COMPILER_APPICON_NAME = AppIcon;
				ASSETCATALOG_COMPILER_GLOBAL_ACCENT_COLOR_NAME = AccentColor;
				CODE_SIGN_STYLE = Automatic;
				CURRENT_PROJECT_VERSION = 1;
				DEVELOPMENT_ASSET_PATHS = "\"CitySights App/Preview Content\"";
				DEVELOPMENT_TEAM = S643LW5WV7;
				ENABLE_PREVIEWS = YES;
				GENERATE_INFOPLIST_FILE = YES;
				INFOPLIST_FILE = "CitySights-App-Info.plist";
				INFOPLIST_KEY_UIApplicationSceneManifest_Generation = YES;
				INFOPLIST_KEY_UIApplicationSupportsIndirectInputEvents = YES;
				INFOPLIST_KEY_UILaunchScreen_Generation = YES;
				INFOPLIST_KEY_UISupportedInterfaceOrientations_iPad = "UIInterfaceOrientationPortrait UIInterfaceOrientationPortraitUpsideDown UIInterfaceOrientationLandscapeLeft UIInterfaceOrientationLandscapeRight";
				INFOPLIST_KEY_UISupportedInterfaceOrientations_iPhone = "UIInterfaceOrientationPortrait UIInterfaceOrientationLandscapeLeft UIInterfaceOrientationLandscapeRight";
				LD_RUNPATH_SEARCH_PATHS = (
					"$(inherited)",
					"@executable_path/Frameworks",
				);
				MARKETING_VERSION = 1.0;
				PRODUCT_BUNDLE_IDENTIFIER = "com.wilsonchan.CitySights-App";
				PRODUCT_NAME = "$(TARGET_NAME)";
				SWIFT_EMIT_LOC_STRINGS = YES;
				SWIFT_VERSION = 5.0;
				TARGETED_DEVICE_FAMILY = "1,2";
			};
			name = Release;
		};
/* End XCBuildConfiguration section */

/* Begin XCConfigurationList section */
		D105EF502B278B1E00E59E3F /* Build configuration list for PBXProject "CitySights App" */ = {
			isa = XCConfigurationList;
			buildConfigurations = (
				D105EF612B278B2000E59E3F /* Debug */,
				D105EF622B278B2000E59E3F /* Release */,
			);
			defaultConfigurationIsVisible = 0;
			defaultConfigurationName = Release;
		};
		D105EF632B278B2000E59E3F /* Build configuration list for PBXNativeTarget "CitySights App" */ = {
			isa = XCConfigurationList;
			buildConfigurations = (
				D105EF642B278B2000E59E3F /* Debug */,
				D105EF652B278B2000E59E3F /* Release */,
			);
			defaultConfigurationIsVisible = 0;
			defaultConfigurationName = Release;
		};
/* End XCConfigurationList section */
	};
	rootObject = D105EF4D2B278B1E00E59E3F /* Project object */;
}
